{
  "version": 4,
  "terraform_version": "1.4.2",
  "serial": 91,
  "lineage": "1bfc45b1-d687-6bdd-1a7b-5f5fc4254e91",
  "outputs": {
    "public_ip_address": {
      "value": "23.100.30.105",
      "type": "string"
    },
    "resource_group_name": {
      "value": "rg-definite-tetra",
      "type": "string"
    },
    "tls_private_key": {
      "value": "-----BEGIN RSA PRIVATE KEY-----\nMIIJKgIBAAKCAgEAxmGCI98CvAyVpvS7Ior8Gu00cVCUM3CU3HpxRWxK/i/XmA2C\n6UISRgEH1gNlIRlffZVou5WBqRh2Ugv/6gPabmY0p1pIMv1Rd/XRMEXHSFUgldDx\npIKxf6C3PAtjz2S+O0Cs/ML1ZbUrl4apDM1erceOo62om6AZGuSLrjnKXGEwAtxo\nShlISxND79bXsQ7ZjSs/j+4gyItH54YZP3MyvG/2NT++cInRziCS1lyvBtYvItdN\nNVGE/pzarE1d+A6YVmIZieQ7T0PtfCiz/0Tud6++rw65f/IOvpgIQQdFjAcWeamR\nIk/PRWw3D/25iqGJZQMDLu5evT+pl+XRTmQl1DA7r9s/PXhQ5unQR54hqEwqU0nm\nuIUOFfWe+QAnLcsEM1T8Rw5+ijvz827z6VQytvoDlEUrn1lmWnotY0SV5lFIb00x\nu4pdIDze8/yTOErFZCCUls5iNm0FaFhAx0UP2rkePBbSKVwr1EYv9ByGfDtBlGAA\nCD9VGqjDSnTT9W/SSdGGu5b0CpOezTK8Oam0k1dml2yWUN3mfGTNziVtUZ1lmq/o\n0Jp2EhK9VSzvqQhxV/PW0sd/PqLrAu1mikt/Wb61nA8cAXBZe5FslSsm4Pp0iru9\nR3ejG8ZHnVJx9sPG7Fa24HcwifaFXUG4NHbQpQgZ51vd1RshxMX6JfLmBd8CAwEA\nAQKCAgEAhjF3gyRcCTDKGsH5xIgXuW8zxmMnnRRO3kXFUZzLrd5XDHg3Ueprygbw\ncgih5B3xxlXHHv0nVGdDwoRzfK1WmM9yVrJvnG5XKbqS4wCQqZFMFYvdqdbuktL4\noBlkTupq9FHvspt+vGotLrbcq9hQb2VKS9Yw8/T8hoCLLDPTe2ISxBysP1OS35YM\norTF+vN8nk3fFVGTw5TT8v13HsCiVW23MpYIEMBpt/G44mCX1RwVjo/tnl+ig0k/\ncsZzBlV5HxYFCI3mwNvGTfKKr+bFGRk899YSDUaEStE05CgzF2HEBlB56KfsIZ3u\nMVcEp45WDopXIOwGEiZ6ZlIDn++G1iwtQVAIruM2yWK7eaZt9yrTOCkl/dFbP4DT\nif7yJ6QZXECQ3G+eMKCl1TK5NWj7/fTKaXQzmOsWjDFiRf5Msw4aGQsHtltMVPFz\nmXfIJEMlA8iAKT4W/4RTb9BUwe1D3BkoTcahA8YApC2NTAv0OgSgsJA/Lr004AW+\nMEcLKRow82v/wJ2EgQOyB1NRb6VlZnsGez7lb1+iHR9lelod2B9LmIGQGCuB1Vz5\noVMWqJ5EoL5xMJRCWua1aNvMZJh7C+JG1caxqy7qMOye+iQ4rgqSKAdy+ghcHhQt\nt7m52FRqtonTXNw4E/5yYqJeSwpvYCCUyplx45iw4aOLI3fcAiECggEBAPXxeM3E\nE1sJB7AuDUTouiexvrv4DMlS5YJrvubHkLFFOdYlxk1BwTMfTeSZLMF9nG06rt27\nhmSn3ZVmCtdGJpBBuKdvJI7rET2/fwL1LmMgN1mK/QfzfZxwcGNwIik+S8lcsaAI\nCEXJPafvA29jo/EoJdoODhALGgHAP2n9xwh5TobVHrn46Ao5F0iuTqmNiDL6kCDU\n9zhcjrlWbs7iimIvOaT2MeaGlk7N+eSJgmmwTs/p78j9KnrJoJqwZ7sEa5wQLe6C\nsh5lMYDGXuTVfGTzLZj0hPARRzha+gwpNNilmvqG3d4ii/0/PI+XgWXgSuX+77ka\n1LJClfRNDaNMsysCggEBAM5+J6N4iZqabB3pHWUqn4LEpjj8pr9xo4yRVjf6YaHW\nEi0zm2JzCseEZFp7BwefpsDBDYLNr5aqz+jsE1YVAHuV7cD9IuUpwlKTDDorDe2Y\n5Io4OfMmUngwsov9smy+xX07TIUp7X2/jAbD/c/lzrLbtLDdFDzNy46bb1oLYEnc\ns+OWTo1arbQii8Ziz4sVZaO2QPb65fyQqzT0z1hAEKGtwMGJlNGsuVRgFjbeDnoW\n8csN8jsUENMOm4fsTG/SMarjYUCvkN7BIJBiWx8OsdRa49BIRx5SHFe2qERbo+Cg\nOgcPDmdRfAfKA3jQragsapReNixnCmtjA+w8IE8MLh0CggEBALhN9JF+VmLqKXDF\nkfwJyzbj5GNIR4y3KnbJ941KEAxILEdml2xd0kJVOzIL95YoY4kXaOORG+1iPpMu\nnQEl+NAx8AbJK0ROs+TqFGxLADAYfGIF3giPV5pcSFy8M11k6bZEWHfsjQZ/AE1Q\nt+pJaRnXVEZMMg2jxCF7yAnNu9GF1msEWrpS5NCEaAZ3WUuGXIKXclqoPXtnIS2S\nsAcpjTp22WPdexed1BXKFXJF+gzpqqX0UVT1I1hQsKI7gACOF3YkScdq+b/9ZVNz\nVLl3onikI49z7gtZZ128D5X9azTPJYyIdMt6aB2nveJ9TuLhaj9hBJRanvnXHDiv\nZYDygXECggEBAJtybPSq8SvpxCpgKzjVdW9ECr4rtHu6WJyhbH6HhqgGN3i/uOHM\nKPk5uTJEG26pySaiLkGiBeUugYWe8o+DD/H5VBpMddB+N0NiX3oKn1mWF7XVzgo1\ndy/zuPWZ7o/erV0xHtHAVoCrigYt1QyEu635p3TdeTas1ehtKs5mcf4on2Nc65WO\nBeXte7vE9uiFGxa7RPyotCoF3lznTo/o6pxL6SfJIrcViA70psR3Nf7C9xMdVJUU\n7fV0sbEJOiGT4r/6nGPNxwlp6dHHuUEQFt797TIGt0MkHSIK53FOa3fWJtjZhMZS\nmURj12lD7vcDONioc6/JghaFW5ajTM81JCECggEACCss1YEU4xg5e3B6oEyrIPeA\n8DATRTkfkBlaqg03okt4xZQHcdhKBXGdwxKLw1DKkewFLUMej1I9RfMRmh7J3YMT\n9h5qSQTojdGf+RX05QERMBhW5d5YZ6/VxZ/+VjWhvhPqU09nOvNlnTNoEcuixwrW\nZISWDf8czfqskiKKyhYGvxJr/A4wxCQQMHQ1ZRIwo4DfsrszFASpxn9ADvp7qouw\nBybAZMSVhbN3lPaaDQqGeGzlm8jwF2EwC6cKN/Z0GcUUKy/KyP9jSrhIYwruu4y7\no/f8pMd9T29sEuiEjoPqwEQ3j7WsGiRkz5AE1T0QTgN0Tx2SfNpMOADInUHpRg==\n-----END RSA PRIVATE KEY-----\n",
      "type": "string",
      "sensitive": true
    }
  },
  "resources": [
    {
      "mode": "data",
      "type": "azurerm_client_config",
      "name": "current",
      "provider": "provider[\"registry.terraform.io/hashicorp/azurerm\"]",
      "instances": [
        {
          "schema_version": 0,
          "attributes": {
            "client_id": "04b07795-8ddb-461a-bbee-02f9e1bf7b46",
            "id": "2023-03-22 10:46:43.102422632 +0000 UTC",
            "object_id": "f5fcb80f-eccc-4aae-b052-b165284a7efe",
            "subscription_id": "5e9bbbd4-9116-4cff-b4e0-3ea563490470",
            "tenant_id": "6edb49c1-bf72-4eea-8b3f-a7fd0a25b68c",
            "timeouts": null
          },
          "sensitive_attributes": []
        }
      ]
    },
    {
      "mode": "managed",
      "type": "azurerm_application_gateway",
      "name": "mediawikigateway",
      "provider": "provider[\"registry.terraform.io/hashicorp/azurerm\"]",
      "instances": [
        {
          "schema_version": 0,
          "attributes": {
            "authentication_certificate": [],
            "autoscale_configuration": [],
            "backend_address_pool": [
              {
                "fqdns": [],
                "id": "/subscriptions/5e9bbbd4-9116-4cff-b4e0-3ea563490470/resourceGroups/rg-definite-tetra/providers/Microsoft.Network/applicationGateways/medaiwikiAG/backendAddressPools/backend-address-pool",
                "ip_addresses": [
                  "10.0.1.4"
                ],
                "name": "backend-address-pool"
              }
            ],
            "backend_http_settings": [
              {
                "affinity_cookie_name": "",
                "authentication_certificate": [],
                "connection_draining": [],
                "cookie_based_affinity": "Disabled",
                "host_name": "",
                "id": "/subscriptions/5e9bbbd4-9116-4cff-b4e0-3ea563490470/resourceGroups/rg-definite-tetra/providers/Microsoft.Network/applicationGateways/medaiwikiAG/backendHttpSettingsCollection/backend-http-setting",
                "name": "backend-http-setting",
                "path": "",
                "pick_host_name_from_backend_address": false,
                "port": 80,
                "probe_id": "",
                "probe_name": "",
                "protocol": "Http",
                "request_timeout": 20,
                "trusted_root_certificate_names": []
              }
            ],
            "custom_error_configuration": [],
            "enable_http2": false,
            "fips_enabled": false,
            "firewall_policy_id": null,
            "force_firewall_policy_association": false,
            "frontend_ip_configuration": [
              {
                "id": "/subscriptions/5e9bbbd4-9116-4cff-b4e0-3ea563490470/resourceGroups/rg-definite-tetra/providers/Microsoft.Network/applicationGateways/medaiwikiAG/frontendIPConfigurations/Public-frontend-ip-configuration",
                "name": "Public-frontend-ip-configuration",
                "private_ip_address": "",
                "private_ip_address_allocation": "Dynamic",
                "private_link_configuration_id": "",
                "private_link_configuration_name": "",
                "public_ip_address_id": "/subscriptions/5e9bbbd4-9116-4cff-b4e0-3ea563490470/resourceGroups/rg-definite-tetra/providers/Microsoft.Network/publicIPAddresses/mediawikiAGPublicIP",
                "subnet_id": ""
              }
            ],
            "frontend_port": [
              {
                "id": "/subscriptions/5e9bbbd4-9116-4cff-b4e0-3ea563490470/resourceGroups/rg-definite-tetra/providers/Microsoft.Network/applicationGateways/medaiwikiAG/frontendPorts/443",
                "name": "443",
                "port": 443
              },
              {
                "id": "/subscriptions/5e9bbbd4-9116-4cff-b4e0-3ea563490470/resourceGroups/rg-definite-tetra/providers/Microsoft.Network/applicationGateways/medaiwikiAG/frontendPorts/80",
                "name": "80",
                "port": 80
              }
            ],
            "gateway_ip_configuration": [
              {
                "id": "/subscriptions/5e9bbbd4-9116-4cff-b4e0-3ea563490470/resourceGroups/rg-definite-tetra/providers/Microsoft.Network/applicationGateways/medaiwikiAG/gatewayIPConfigurations/medaiwikiAG-configuration",
                "name": "medaiwikiAG-configuration",
                "subnet_id": "/subscriptions/5e9bbbd4-9116-4cff-b4e0-3ea563490470/resourceGroups/rg-definite-tetra/providers/Microsoft.Network/virtualNetworks/mediawikiVnet/subnets/mediawikiAGSubnet"
              }
            ],
            "http_listener": [
              {
                "custom_error_configuration": [],
                "firewall_policy_id": "",
                "frontend_ip_configuration_id": "/subscriptions/5e9bbbd4-9116-4cff-b4e0-3ea563490470/resourceGroups/rg-definite-tetra/providers/Microsoft.Network/applicationGateways/medaiwikiAG/frontendIPConfigurations/Public-frontend-ip-configuration",
                "frontend_ip_configuration_name": "Public-frontend-ip-configuration",
                "frontend_port_id": "/subscriptions/5e9bbbd4-9116-4cff-b4e0-3ea563490470/resourceGroups/rg-definite-tetra/providers/Microsoft.Network/applicationGateways/medaiwikiAG/frontendPorts/80",
                "frontend_port_name": "80",
                "host_name": "",
                "host_names": [],
                "id": "/subscriptions/5e9bbbd4-9116-4cff-b4e0-3ea563490470/resourceGroups/rg-definite-tetra/providers/Microsoft.Network/applicationGateways/medaiwikiAG/httpListeners/http-listener",
                "name": "http-listener",
                "protocol": "Http",
                "require_sni": false,
                "ssl_certificate_id": "",
                "ssl_certificate_name": "",
                "ssl_profile_id": "",
                "ssl_profile_name": ""
              },
              {
                "custom_error_configuration": [],
                "firewall_policy_id": "",
                "frontend_ip_configuration_id": "/subscriptions/5e9bbbd4-9116-4cff-b4e0-3ea563490470/resourceGroups/rg-definite-tetra/providers/Microsoft.Network/applicationGateways/medaiwikiAG/frontendIPConfigurations/Public-frontend-ip-configuration",
                "frontend_ip_configuration_name": "Public-frontend-ip-configuration",
                "frontend_port_id": "/subscriptions/5e9bbbd4-9116-4cff-b4e0-3ea563490470/resourceGroups/rg-definite-tetra/providers/Microsoft.Network/applicationGateways/medaiwikiAG/frontendPorts/443",
                "frontend_port_name": "443",
                "host_name": "",
                "host_names": [],
                "id": "/subscriptions/5e9bbbd4-9116-4cff-b4e0-3ea563490470/resourceGroups/rg-definite-tetra/providers/Microsoft.Network/applicationGateways/medaiwikiAG/httpListeners/https-listener",
                "name": "https-listener",
                "protocol": "Https",
                "require_sni": false,
                "ssl_certificate_id": "/subscriptions/5e9bbbd4-9116-4cff-b4e0-3ea563490470/resourceGroups/rg-definite-tetra/providers/Microsoft.Network/applicationGateways/medaiwikiAG/sslCertificates/mediawiki",
                "ssl_certificate_name": "mediawiki",
                "ssl_profile_id": "",
                "ssl_profile_name": ""
              }
            ],
            "id": "/subscriptions/5e9bbbd4-9116-4cff-b4e0-3ea563490470/resourceGroups/rg-definite-tetra/providers/Microsoft.Network/applicationGateways/medaiwikiAG",
            "identity": [
              {
                "identity_ids": [
                  "/subscriptions/5e9bbbd4-9116-4cff-b4e0-3ea563490470/resourceGroups/rg-definite-tetra/providers/Microsoft.ManagedIdentity/userAssignedIdentities/mediawikikeyvaulttls"
                ],
                "type": "UserAssigned"
              }
            ],
            "location": "eastus",
            "name": "medaiwikiAG",
            "private_endpoint_connection": [],
            "private_link_configuration": [],
            "probe": [],
            "redirect_configuration": [
              {
                "id": "/subscriptions/5e9bbbd4-9116-4cff-b4e0-3ea563490470/resourceGroups/rg-definite-tetra/providers/Microsoft.Network/applicationGateways/medaiwikiAG/redirectConfigurations/request-routing-rule-1",
                "include_path": true,
                "include_query_string": true,
                "name": "request-routing-rule-1",
                "redirect_type": "Permanent",
                "target_listener_id": "/subscriptions/5e9bbbd4-9116-4cff-b4e0-3ea563490470/resourceGroups/rg-definite-tetra/providers/Microsoft.Network/applicationGateways/medaiwikiAG/httpListeners/https-listener",
                "target_listener_name": "https-listener",
                "target_url": ""
              }
            ],
            "request_routing_rule": [
              {
                "backend_address_pool_id": "",
                "backend_address_pool_name": "",
                "backend_http_settings_id": "",
                "backend_http_settings_name": "",
                "http_listener_id": "/subscriptions/5e9bbbd4-9116-4cff-b4e0-3ea563490470/resourceGroups/rg-definite-tetra/providers/Microsoft.Network/applicationGateways/medaiwikiAG/httpListeners/http-listener",
                "http_listener_name": "http-listener",
                "id": "/subscriptions/5e9bbbd4-9116-4cff-b4e0-3ea563490470/resourceGroups/rg-definite-tetra/providers/Microsoft.Network/applicationGateways/medaiwikiAG/requestRoutingRules/request-routing-rule-1",
                "name": "request-routing-rule-1",
                "priority": 10010,
                "redirect_configuration_id": "/subscriptions/5e9bbbd4-9116-4cff-b4e0-3ea563490470/resourceGroups/rg-definite-tetra/providers/Microsoft.Network/applicationGateways/medaiwikiAG/redirectConfigurations/request-routing-rule-1",
                "redirect_configuration_name": "request-routing-rule-1",
                "rewrite_rule_set_id": "",
                "rewrite_rule_set_name": "",
                "rule_type": "Basic",
                "url_path_map_id": "",
                "url_path_map_name": ""
              },
              {
                "backend_address_pool_id": "/subscriptions/5e9bbbd4-9116-4cff-b4e0-3ea563490470/resourceGroups/rg-definite-tetra/providers/Microsoft.Network/applicationGateways/medaiwikiAG/backendAddressPools/backend-address-pool",
                "backend_address_pool_name": "backend-address-pool",
                "backend_http_settings_id": "/subscriptions/5e9bbbd4-9116-4cff-b4e0-3ea563490470/resourceGroups/rg-definite-tetra/providers/Microsoft.Network/applicationGateways/medaiwikiAG/backendHttpSettingsCollection/backend-http-setting",
                "backend_http_settings_name": "backend-http-setting",
                "http_listener_id": "/subscriptions/5e9bbbd4-9116-4cff-b4e0-3ea563490470/resourceGroups/rg-definite-tetra/providers/Microsoft.Network/applicationGateways/medaiwikiAG/httpListeners/https-listener",
                "http_listener_name": "https-listener",
                "id": "/subscriptions/5e9bbbd4-9116-4cff-b4e0-3ea563490470/resourceGroups/rg-definite-tetra/providers/Microsoft.Network/applicationGateways/medaiwikiAG/requestRoutingRules/request-routing-rule-2",
                "name": "request-routing-rule-2",
                "priority": 1002,
                "redirect_configuration_id": "",
                "redirect_configuration_name": "",
                "rewrite_rule_set_id": "",
                "rewrite_rule_set_name": "",
                "rule_type": "Basic",
                "url_path_map_id": "",
                "url_path_map_name": ""
              }
            ],
            "resource_group_name": "rg-definite-tetra",
            "rewrite_rule_set": [],
            "sku": [
              {
                "capacity": 2,
                "name": "WAF_v2",
                "tier": "WAF_v2"
              }
            ],
            "ssl_certificate": [
              {
                "data": "",
                "id": "/subscriptions/5e9bbbd4-9116-4cff-b4e0-3ea563490470/resourceGroups/rg-definite-tetra/providers/Microsoft.Network/applicationGateways/medaiwikiAG/sslCertificates/mediawiki",
                "key_vault_secret_id": "https://tlsmediawiki.vault.azure.net/secrets/mediawiki",
                "name": "mediawiki",
                "password": "",
                "public_cert_data": ""
              }
            ],
            "ssl_policy": [
              {
                "cipher_suites": [],
                "disabled_protocols": [],
                "min_protocol_version": "",
                "policy_name": "AppGwSslPolicy20150501",
                "policy_type": "Predefined"
              }
            ],
            "ssl_profile": [],
            "tags": {},
            "timeouts": {
              "create": null,
              "delete": null,
              "read": null,
              "update": null
            },
            "trusted_client_certificate": [],
            "trusted_root_certificate": [],
            "url_path_map": [],
            "waf_configuration": [],
            "zones": []
          },
          "sensitive_attributes": [],
          "private": "eyJlMmJmYjczMC1lY2FhLTExZTYtOGY4OC0zNDM2M2JjN2M0YzAiOnsiY3JlYXRlIjo1NDAwMDAwMDAwMDAwLCJkZWxldGUiOjU0MDAwMDAwMDAwMDAsInJlYWQiOjMwMDAwMDAwMDAwMCwidXBkYXRlIjo1NDAwMDAwMDAwMDAwfX0="
        }
      ]
    },
    {
      "mode": "managed",
      "type": "azurerm_key_vault",
      "name": "mediawiki",
      "provider": "provider[\"registry.terraform.io/hashicorp/azurerm\"]",
      "instances": [
        {
          "schema_version": 2,
          "attributes": {
            "access_policy": [
              {
                "application_id": "",
                "certificate_permissions": [],
                "key_permissions": [
                  "Create",
                  "Get"
                ],
                "object_id": "f5fcb80f-eccc-4aae-b052-b165284a7efe",
                "secret_permissions": [
                  "Set",
                  "Get",
                  "Delete",
                  "Purge",
                  "Recover"
                ],
                "storage_permissions": [],
                "tenant_id": "6edb49c1-bf72-4eea-8b3f-a7fd0a25b68c"
              }
            ],
            "contact": [],
            "enable_rbac_authorization": false,
            "enabled_for_deployment": false,
            "enabled_for_disk_encryption": false,
            "enabled_for_template_deployment": false,
            "id": "/subscriptions/5e9bbbd4-9116-4cff-b4e0-3ea563490470/resourceGroups/rg-definite-tetra/providers/Microsoft.KeyVault/vaults/medaiwikikeyvault",
            "location": "eastus",
            "name": "medaiwikikeyvault",
            "network_acls": [
              {
                "bypass": "AzureServices",
                "default_action": "Allow",
                "ip_rules": [],
                "virtual_network_subnet_ids": []
              }
            ],
            "purge_protection_enabled": false,
            "resource_group_name": "rg-definite-tetra",
            "sku_name": "standard",
            "soft_delete_enabled": true,
            "soft_delete_retention_days": 7,
            "tags": {},
            "tenant_id": "6edb49c1-bf72-4eea-8b3f-a7fd0a25b68c",
            "timeouts": null,
            "vault_uri": "https://medaiwikikeyvault.vault.azure.net/"
          },
          "sensitive_attributes": [],
          "private": "eyJlMmJmYjczMC1lY2FhLTExZTYtOGY4OC0zNDM2M2JjN2M0YzAiOnsiY3JlYXRlIjoxODAwMDAwMDAwMDAwLCJkZWxldGUiOjE4MDAwMDAwMDAwMDAsInJlYWQiOjMwMDAwMDAwMDAwMCwidXBkYXRlIjoxODAwMDAwMDAwMDAwfSwic2NoZW1hX3ZlcnNpb24iOiIyIn0=",
          "dependencies": [
            "azurerm_resource_group.rg",
            "data.azurerm_client_config.current",
            "random_pet.rg_name"
          ]
        }
      ]
    },
    {
      "mode": "managed",
      "type": "azurerm_key_vault_secret",
      "name": "mediawikidb",
      "provider": "provider[\"registry.terraform.io/hashicorp/azurerm\"]",
      "instances": [
        {
          "schema_version": 0,
          "attributes": {
            "content_type": "",
            "expiration_date": null,
            "id": "https://medaiwikikeyvault.vault.azure.net/secrets/medaiwikidb/937cfdea5c1b4c2bab6b8ac48163f079",
            "key_vault_id": "/subscriptions/5e9bbbd4-9116-4cff-b4e0-3ea563490470/resourceGroups/rg-definite-tetra/providers/Microsoft.KeyVault/vaults/medaiwikikeyvault",
            "name": "medaiwikidb",
            "not_before_date": null,
            "tags": {},
            "timeouts": null,
            "value": "cld9FZXXJ4rH",
            "version": "937cfdea5c1b4c2bab6b8ac48163f079",
            "versionless_id": "https://medaiwikikeyvault.vault.azure.net/secrets/medaiwikidb"
          },
          "sensitive_attributes": [],
          "private": "eyJlMmJmYjczMC1lY2FhLTExZTYtOGY4OC0zNDM2M2JjN2M0YzAiOnsiY3JlYXRlIjoxODAwMDAwMDAwMDAwLCJkZWxldGUiOjE4MDAwMDAwMDAwMDAsInJlYWQiOjMwMDAwMDAwMDAwMCwidXBkYXRlIjoxODAwMDAwMDAwMDAwfX0=",
          "dependencies": [
            "azurerm_key_vault.mediawiki",
            "azurerm_resource_group.rg",
            "data.azurerm_client_config.current",
            "random_pet.rg_name"
          ]
        }
      ]
    },
    {
      "mode": "managed",
      "type": "azurerm_linux_virtual_machine",
      "name": "mediawiki_vm",
      "provider": "provider[\"registry.terraform.io/hashicorp/azurerm\"]",
      "instances": [
        {
          "schema_version": 0,
          "attributes": {
            "additional_capabilities": [],
            "admin_password": null,
            "admin_ssh_key": [
              {
                "public_key": "ssh-rsa AAAAB3NzaC1yc2EAAAADAQABAAACAQDGYYIj3wK8DJWm9Lsiivwa7TRxUJQzcJTcenFFbEr+L9eYDYLpQhJGAQfWA2UhGV99lWi7lYGpGHZSC//qA9puZjSnWkgy/VF39dEwRcdIVSCV0PGkgrF/oLc8C2PPZL47QKz8wvVltSuXhqkMzV6tx46jraiboBka5IuuOcpcYTAC3GhKGUhLE0Pv1texDtmNKz+P7iDIi0fnhhk/czK8b/Y1P75widHOIJLWXK8G1i8i1001UYT+nNqsTV34DphWYhmJ5DtPQ+18KLP/RO53r76vDrl/8g6+mAhBB0WMBxZ5qZEiT89FbDcP/bmKoYllAwMu7l69P6mX5dFOZCXUMDuv2z89eFDm6dBHniGoTCpTSea4hQ4V9Z75ACctywQzVPxHDn6KO/PzbvPpVDK2+gOURSufWWZaei1jRJXmUUhvTTG7il0gPN7z/JM4SsVkIJSWzmI2bQVoWEDHRQ/auR48FtIpXCvURi/0HIZ8O0GUYAAIP1UaqMNKdNP1b9JJ0Ya7lvQKk57NMrw5qbSTV2aXbJZQ3eZ8ZM3OJW1RnWWar+jQmnYSEr1VLO+pCHFX89bSx38+ousC7WaKS39ZvrWcDxwBcFl7kWyVKybg+nSKu71Hd6MbxkedUnH2w8bsVrbgdzCJ9oVdQbg0dtClCBnnW93VGyHExfol8uYF3w==\n",
                "username": "azureuser"
              }
            ],
            "admin_username": "azureuser",
            "allow_extension_operations": true,
            "availability_set_id": "",
            "boot_diagnostics": [
              {
                "storage_account_uri": "https://diag81b180fcf1376e3e.blob.core.windows.net/"
              }
            ],
            "computer_name": "mediawikivm",
            "custom_data": null,
            "dedicated_host_group_id": "",
            "dedicated_host_id": "",
            "disable_password_authentication": true,
            "encryption_at_host_enabled": false,
            "eviction_policy": "",
            "extensions_time_budget": "PT1H30M",
            "id": "/subscriptions/5e9bbbd4-9116-4cff-b4e0-3ea563490470/resourceGroups/rg-definite-tetra/providers/Microsoft.Compute/virtualMachines/mediawikiVM",
            "identity": [],
            "license_type": "",
            "location": "eastus",
            "max_bid_price": -1,
            "name": "mediawikiVM",
            "network_interface_ids": [
              "/subscriptions/5e9bbbd4-9116-4cff-b4e0-3ea563490470/resourceGroups/rg-definite-tetra/providers/Microsoft.Network/networkInterfaces/mediawikiNIC"
            ],
            "os_disk": [
              {
                "caching": "ReadWrite",
                "diff_disk_settings": [],
                "disk_encryption_set_id": "",
                "disk_size_gb": 30,
                "name": "mediawikiOsDisk",
                "storage_account_type": "StandardSSD_LRS",
                "write_accelerator_enabled": false
              }
            ],
            "patch_mode": "ImageDefault",
            "plan": [
              {
                "name": "1-26",
                "product": "mediawiki",
                "publisher": "bitnami"
              }
            ],
            "platform_fault_domain": -1,
            "priority": "Regular",
            "private_ip_address": "10.0.1.4",
            "private_ip_addresses": [
              "10.0.1.4"
            ],
            "provision_vm_agent": true,
            "proximity_placement_group_id": "",
            "public_ip_address": "23.100.30.105",
            "public_ip_addresses": [
              "23.100.30.105"
            ],
            "resource_group_name": "rg-definite-tetra",
            "secret": [],
            "secure_boot_enabled": false,
            "size": "Standard_B1ls",
            "source_image_id": "",
            "source_image_reference": [
              {
                "offer": "mediawiki",
                "publisher": "bitnami",
                "sku": "1-26",
                "version": "latest"
              }
            ],
            "tags": {},
            "timeouts": null,
            "user_data": "",
            "virtual_machine_id": "786d8d0c-d252-4406-867f-d0dd8f50f78a",
            "virtual_machine_scale_set_id": "",
            "vtpm_enabled": false,
            "zone": ""
          },
          "sensitive_attributes": [],
          "private": "eyJlMmJmYjczMC1lY2FhLTExZTYtOGY4OC0zNDM2M2JjN2M0YzAiOnsiY3JlYXRlIjoyNzAwMDAwMDAwMDAwLCJkZWxldGUiOjI3MDAwMDAwMDAwMDAsInJlYWQiOjMwMDAwMDAwMDAwMCwidXBkYXRlIjoyNzAwMDAwMDAwMDAwfX0=",
          "dependencies": [
            "azurerm_marketplace_agreement.mediawiki_bitnami",
            "azurerm_network_interface.mediawiki_nic",
            "azurerm_public_ip.mediawiki_public_ip",
            "azurerm_resource_group.rg",
            "azurerm_storage_account.mediawiki_storage_account",
            "azurerm_subnet.mediawiki_subnet",
            "azurerm_virtual_network.mediawiki_network",
            "random_id.random_id",
            "random_pet.rg_name",
            "tls_private_key.example_ssh"
          ]
        }
      ]
    },
    {
      "mode": "managed",
      "type": "azurerm_marketplace_agreement",
      "name": "mediawiki_bitnami",
      "provider": "provider[\"registry.terraform.io/hashicorp/azurerm\"]",
      "instances": [
        {
          "schema_version": 0,
          "attributes": {
            "id": "/subscriptions/5e9bbbd4-9116-4cff-b4e0-3ea563490470/providers/Microsoft.MarketplaceOrdering/agreements/bitnami/offers/mediawiki/plans/hourly",
            "license_text_link": "https://mpcprodsa.blob.core.windows.net/legalterms/3E5ED_legalterms_BITNAMI%253a24MEDIAWIKI%253a24HOURLY%253a24S5CX7BT7TVTHKTRGUHTXMFBKMQZBZG22EXCJJUW5RZBUXBJAF3ZSJZ6UNJZSEG373FKDYYMYO6VIEHUP2CFGJWOHJGTZK4NHHF5JJFY.txt",
            "offer": "mediawiki",
            "plan": "hourly",
            "privacy_policy_link": "https://www.vmware.com/help/privacy.html",
            "publisher": "bitnami",
            "timeouts": null
          },
          "sensitive_attributes": [],
          "private": "eyJlMmJmYjczMC1lY2FhLTExZTYtOGY4OC0zNDM2M2JjN2M0YzAiOnsiY3JlYXRlIjoxODAwMDAwMDAwMDAwLCJkZWxldGUiOjE4MDAwMDAwMDAwMDAsInJlYWQiOjMwMDAwMDAwMDAwMCwidXBkYXRlIjoxODAwMDAwMDAwMDAwfX0="
        }
      ]
    },
    {
      "mode": "managed",
      "type": "azurerm_mysql_flexible_server",
      "name": "mediawiki",
      "provider": "provider[\"registry.terraform.io/hashicorp/azurerm\"]",
      "instances": [
        {
          "schema_version": 0,
          "attributes": {
            "administrator_login": "dbadmin",
            "administrator_password": "cld9FZXXJ4rH",
            "backup_retention_days": 7,
            "create_mode": null,
            "delegated_subnet_id": "/subscriptions/5e9bbbd4-9116-4cff-b4e0-3ea563490470/resourceGroups/rg-definite-tetra/providers/Microsoft.Network/virtualNetworks/rg-definite-tetra-vnet/subnets/default",
            "fqdn": "mediawikidb.mysql.database.azure.com",
            "geo_redundant_backup_enabled": false,
            "high_availability": [],
            "id": "/subscriptions/5e9bbbd4-9116-4cff-b4e0-3ea563490470/resourceGroups/rg-definite-tetra/providers/Microsoft.DBforMySQL/flexibleServers/mediawikidb",
            "location": "eastus",
            "maintenance_window": [],
            "name": "mediawikidb",
            "point_in_time_restore_time_in_utc": null,
            "private_dns_zone_id": "/subscriptions/5e9bbbd4-9116-4cff-b4e0-3ea563490470/resourceGroups/rg-definite-tetra/providers/Microsoft.Network/privateDnsZones/mediawikidb.private.mysql.database.azure.com",
            "public_network_access_enabled": false,
            "replica_capacity": 10,
            "replication_role": "None",
            "resource_group_name": "rg-definite-tetra",
            "sku_name": "B_Standard_B1s",
            "source_server_id": null,
            "storage": [
              {
                "auto_grow_enabled": true,
                "iops": 360,
                "size_gb": 20
              }
            ],
            "tags": {},
            "timeouts": null,
            "version": "5.7",
            "zone": "1"
          },
          "sensitive_attributes": [
            [
              {
                "type": "get_attr",
                "value": "administrator_password"
              }
            ]
          ],
          "private": "eyJlMmJmYjczMC1lY2FhLTExZTYtOGY4OC0zNDM2M2JjN2M0YzAiOnsiY3JlYXRlIjozNjAwMDAwMDAwMDAwLCJkZWxldGUiOjM2MDAwMDAwMDAwMDAsInJlYWQiOjMwMDAwMDAwMDAwMCwidXBkYXRlIjozNjAwMDAwMDAwMDAwfX0=",
          "dependencies": [
            "azurerm_key_vault.mediawiki",
            "azurerm_key_vault_secret.mediawikidb",
            "azurerm_private_dns_zone.mediawikidb",
            "azurerm_resource_group.rg",
            "azurerm_subnet.default",
            "data.azurerm_client_config.current",
            "random_pet.rg_name"
          ]
        }
      ]
    },
    {
      "mode": "managed",
      "type": "azurerm_network_interface",
      "name": "mediawiki_nic",
      "provider": "provider[\"registry.terraform.io/hashicorp/azurerm\"]",
      "instances": [
        {
          "schema_version": 0,
          "attributes": {
            "applied_dns_servers": [],
            "dns_servers": [],
            "enable_accelerated_networking": false,
            "enable_ip_forwarding": false,
            "id": "/subscriptions/5e9bbbd4-9116-4cff-b4e0-3ea563490470/resourceGroups/rg-definite-tetra/providers/Microsoft.Network/networkInterfaces/mediawikiNIC",
            "internal_dns_name_label": "",
            "internal_domain_name_suffix": "vgf4ncl5opuefit15xbrur02la.bx.internal.cloudapp.net",
            "ip_configuration": [
              {
                "gateway_load_balancer_frontend_ip_configuration_id": "",
                "name": "mediawiki_nic_configuration",
                "primary": true,
                "private_ip_address": "10.0.1.4",
                "private_ip_address_allocation": "Dynamic",
                "private_ip_address_version": "IPv4",
                "public_ip_address_id": "/subscriptions/5e9bbbd4-9116-4cff-b4e0-3ea563490470/resourceGroups/rg-definite-tetra/providers/Microsoft.Network/publicIPAddresses/mediawikiPublicIP",
                "subnet_id": "/subscriptions/5e9bbbd4-9116-4cff-b4e0-3ea563490470/resourceGroups/rg-definite-tetra/providers/Microsoft.Network/virtualNetworks/mediawikiVnet/subnets/mediawikiSubnet"
              }
            ],
            "location": "eastus",
            "mac_address": "00-22-48-22-C6-D4",
            "name": "mediawikiNIC",
            "private_ip_address": "10.0.1.4",
            "private_ip_addresses": [
              "10.0.1.4"
            ],
            "resource_group_name": "rg-definite-tetra",
            "tags": {},
            "timeouts": null,
            "virtual_machine_id": "/subscriptions/5e9bbbd4-9116-4cff-b4e0-3ea563490470/resourceGroups/RG-DEFINITE-TETRA/providers/Microsoft.Compute/virtualMachines/mediawikiVM"
          },
          "sensitive_attributes": [],
          "private": "eyJlMmJmYjczMC1lY2FhLTExZTYtOGY4OC0zNDM2M2JjN2M0YzAiOnsiY3JlYXRlIjoxODAwMDAwMDAwMDAwLCJkZWxldGUiOjE4MDAwMDAwMDAwMDAsInJlYWQiOjMwMDAwMDAwMDAwMCwidXBkYXRlIjoxODAwMDAwMDAwMDAwfX0=",
          "dependencies": [
            "azurerm_public_ip.mediawiki_public_ip",
            "azurerm_resource_group.rg",
            "azurerm_subnet.mediawiki_subnet",
            "azurerm_virtual_network.mediawiki_network",
            "random_pet.rg_name"
          ]
        }
      ]
    },
    {
      "mode": "managed",
      "type": "azurerm_network_interface_security_group_association",
      "name": "example",
      "provider": "provider[\"registry.terraform.io/hashicorp/azurerm\"]",
      "instances": [
        {
          "schema_version": 0,
          "attributes": {
            "id": "/subscriptions/5e9bbbd4-9116-4cff-b4e0-3ea563490470/resourceGroups/rg-definite-tetra/providers/Microsoft.Network/networkInterfaces/mediawikiNIC|/subscriptions/5e9bbbd4-9116-4cff-b4e0-3ea563490470/resourceGroups/rg-definite-tetra/providers/Microsoft.Network/networkSecurityGroups/mediawikiNetworkSecurityGroup",
            "network_interface_id": "/subscriptions/5e9bbbd4-9116-4cff-b4e0-3ea563490470/resourceGroups/rg-definite-tetra/providers/Microsoft.Network/networkInterfaces/mediawikiNIC",
            "network_security_group_id": "/subscriptions/5e9bbbd4-9116-4cff-b4e0-3ea563490470/resourceGroups/rg-definite-tetra/providers/Microsoft.Network/networkSecurityGroups/mediawikiNetworkSecurityGroup",
            "timeouts": null
          },
          "sensitive_attributes": [],
          "private": "eyJlMmJmYjczMC1lY2FhLTExZTYtOGY4OC0zNDM2M2JjN2M0YzAiOnsiY3JlYXRlIjoxODAwMDAwMDAwMDAwLCJkZWxldGUiOjE4MDAwMDAwMDAwMDAsInJlYWQiOjMwMDAwMDAwMDAwMCwidXBkYXRlIjoxODAwMDAwMDAwMDAwfX0=",
          "dependencies": [
            "azurerm_network_interface.mediawiki_nic",
            "azurerm_network_security_group.mediawiki_nsg",
            "azurerm_public_ip.mediawiki_public_ip",
            "azurerm_resource_group.rg",
            "azurerm_subnet.mediawiki_subnet",
            "azurerm_virtual_network.mediawiki_network",
            "random_pet.rg_name"
          ]
        }
      ]
    },
    {
      "mode": "managed",
      "type": "azurerm_network_security_group",
      "name": "mediawiki_nsg",
      "provider": "provider[\"registry.terraform.io/hashicorp/azurerm\"]",
      "instances": [
        {
          "schema_version": 0,
          "attributes": {
            "id": "/subscriptions/5e9bbbd4-9116-4cff-b4e0-3ea563490470/resourceGroups/rg-definite-tetra/providers/Microsoft.Network/networkSecurityGroups/mediawikiNetworkSecurityGroup",
            "location": "eastus",
            "name": "mediawikiNetworkSecurityGroup",
            "resource_group_name": "rg-definite-tetra",
            "security_rule": [
              {
                "access": "Allow",
                "description": "",
                "destination_address_prefix": "*",
                "destination_address_prefixes": [],
                "destination_application_security_group_ids": [],
                "destination_port_range": "22",
                "destination_port_ranges": [],
                "direction": "Inbound",
                "name": "SSH",
                "priority": 1001,
                "protocol": "Tcp",
                "source_address_prefix": "*",
                "source_address_prefixes": [],
                "source_application_security_group_ids": [],
                "source_port_range": "*",
                "source_port_ranges": []
              },
              {
                "access": "Allow",
                "description": "",
                "destination_address_prefix": "*",
                "destination_address_prefixes": [],
                "destination_application_security_group_ids": [],
                "destination_port_range": "443",
                "destination_port_ranges": [],
                "direction": "Inbound",
                "name": "HTTPS_Ronie",
                "priority": 1002,
                "protocol": "Tcp",
                "source_address_prefix": "109.255.161.14/32",
                "source_address_prefixes": [],
                "source_application_security_group_ids": [],
                "source_port_range": "*",
                "source_port_ranges": []
              }
            ],
            "tags": {},
            "timeouts": null
          },
          "sensitive_attributes": [],
          "private": "eyJlMmJmYjczMC1lY2FhLTExZTYtOGY4OC0zNDM2M2JjN2M0YzAiOnsiY3JlYXRlIjoxODAwMDAwMDAwMDAwLCJkZWxldGUiOjE4MDAwMDAwMDAwMDAsInJlYWQiOjMwMDAwMDAwMDAwMCwidXBkYXRlIjoxODAwMDAwMDAwMDAwfX0=",
          "dependencies": [
            "azurerm_resource_group.rg",
            "random_pet.rg_name"
          ]
        }
      ]
    },
    {
      "mode": "managed",
      "type": "azurerm_private_dns_a_record",
      "name": "mediawikidb",
      "provider": "provider[\"registry.terraform.io/hashicorp/azurerm\"]",
      "instances": [
        {
          "schema_version": 0,
          "attributes": {
            "fqdn": "mediawikidb.mediawikidb.private.mysql.database.azure.com.",
            "id": "/subscriptions/5e9bbbd4-9116-4cff-b4e0-3ea563490470/resourceGroups/rg-definite-tetra/providers/Microsoft.Network/privateDnsZones/mediawikidb.private.mysql.database.azure.com/A/mediawikidb",
            "name": "mediawikidb",
            "records": [
              "10.1.0.4"
            ],
            "resource_group_name": "rg-definite-tetra",
            "tags": {},
            "timeouts": {
              "create": null,
              "delete": null,
              "read": null,
              "update": null
            },
            "ttl": 30,
            "zone_name": "mediawikidb.private.mysql.database.azure.com"
          },
          "sensitive_attributes": [],
          "private": "eyJlMmJmYjczMC1lY2FhLTExZTYtOGY4OC0zNDM2M2JjN2M0YzAiOnsiY3JlYXRlIjoxODAwMDAwMDAwMDAwLCJkZWxldGUiOjE4MDAwMDAwMDAwMDAsInJlYWQiOjMwMDAwMDAwMDAwMCwidXBkYXRlIjoxODAwMDAwMDAwMDAwfSwic2NoZW1hX3ZlcnNpb24iOiIwIn0="
        }
      ]
    },
    {
      "mode": "managed",
      "type": "azurerm_private_dns_zone",
      "name": "mediawikidb",
      "provider": "provider[\"registry.terraform.io/hashicorp/azurerm\"]",
      "instances": [
        {
          "schema_version": 0,
          "attributes": {
            "id": "/subscriptions/5e9bbbd4-9116-4cff-b4e0-3ea563490470/resourceGroups/rg-definite-tetra/providers/Microsoft.Network/privateDnsZones/mediawikidb.private.mysql.database.azure.com",
            "max_number_of_record_sets": 25000,
            "max_number_of_virtual_network_links": 1000,
            "max_number_of_virtual_network_links_with_registration": 100,
            "name": "mediawikidb.private.mysql.database.azure.com",
            "number_of_record_sets": 2,
            "resource_group_name": "rg-definite-tetra",
            "soa_record": [
              {
                "email": "azureprivatedns-host.microsoft.com",
                "expire_time": 2419200,
                "fqdn": "mediawikidb.private.mysql.database.azure.com.",
                "host_name": "azureprivatedns.net",
                "minimum_ttl": 10,
                "refresh_time": 3600,
                "retry_time": 300,
                "serial_number": 1,
                "tags": {},
                "ttl": 3600
              }
            ],
            "tags": {},
            "timeouts": {
              "create": null,
              "delete": null,
              "read": null,
              "update": null
            }
          },
          "sensitive_attributes": [],
          "private": "eyJlMmJmYjczMC1lY2FhLTExZTYtOGY4OC0zNDM2M2JjN2M0YzAiOnsiY3JlYXRlIjoxODAwMDAwMDAwMDAwLCJkZWxldGUiOjE4MDAwMDAwMDAwMDAsInJlYWQiOjMwMDAwMDAwMDAwMCwidXBkYXRlIjoxODAwMDAwMDAwMDAwfSwic2NoZW1hX3ZlcnNpb24iOiIwIn0=",
          "dependencies": [
            "azurerm_resource_group.rg",
            "random_pet.rg_name"
          ]
        }
      ]
    },
    {
      "mode": "managed",
      "type": "azurerm_private_dns_zone_virtual_network_link",
      "name": "mediawikidb",
      "provider": "provider[\"registry.terraform.io/hashicorp/azurerm\"]",
      "instances": [
        {
          "schema_version": 0,
          "attributes": {
            "id": "/subscriptions/5e9bbbd4-9116-4cff-b4e0-3ea563490470/resourceGroups/rg-definite-tetra/providers/Microsoft.Network/privateDnsZones/mediawikidb.private.mysql.database.azure.com/virtualNetworkLinks/wroblgetzcs4c",
            "name": "wroblgetzcs4c",
            "private_dns_zone_name": "mediawikidb.private.mysql.database.azure.com",
            "registration_enabled": false,
            "resource_group_name": "rg-definite-tetra",
            "tags": {},
            "timeouts": {
              "create": null,
              "delete": null,
              "read": null,
              "update": null
            },
            "virtual_network_id": "/subscriptions/5e9bbbd4-9116-4cff-b4e0-3ea563490470/resourceGroups/rg-definite-tetra/providers/Microsoft.Network/virtualNetworks/rg-definite-tetra-vnet"
          },
          "sensitive_attributes": [],
          "private": "eyJlMmJmYjczMC1lY2FhLTExZTYtOGY4OC0zNDM2M2JjN2M0YzAiOnsiY3JlYXRlIjoxODAwMDAwMDAwMDAwLCJkZWxldGUiOjE4MDAwMDAwMDAwMDAsInJlYWQiOjMwMDAwMDAwMDAwMCwidXBkYXRlIjoxODAwMDAwMDAwMDAwfSwic2NoZW1hX3ZlcnNpb24iOiIwIn0=",
          "dependencies": [
            "azurerm_private_dns_zone.mediawikidb",
            "azurerm_resource_group.rg",
            "azurerm_virtual_network.mediawikidb",
            "random_pet.rg_name"
          ]
        }
      ]
    },
    {
      "mode": "managed",
      "type": "azurerm_public_ip",
      "name": "mediawikiAGPublicIP",
      "provider": "provider[\"registry.terraform.io/hashicorp/azurerm\"]",
      "instances": [
        {
          "schema_version": 0,
          "attributes": {
            "allocation_method": "Static",
            "availability_zone": "Zone-Redundant",
            "domain_name_label": "mediawiki2023",
            "fqdn": "mediawiki2023.eastus.cloudapp.azure.com",
            "id": "/subscriptions/5e9bbbd4-9116-4cff-b4e0-3ea563490470/resourceGroups/rg-definite-tetra/providers/Microsoft.Network/publicIPAddresses/mediawikiAGPublicIP",
            "idle_timeout_in_minutes": 4,
            "ip_address": "52.188.180.66",
            "ip_tags": {},
            "ip_version": "IPv4",
            "location": "eastus",
            "name": "mediawikiAGPublicIP",
            "public_ip_prefix_id": null,
            "resource_group_name": "rg-definite-tetra",
            "reverse_fqdn": "",
            "sku": "Standard",
            "sku_tier": "Regional",
            "tags": {},
            "timeouts": null,
            "zones": []
          },
          "sensitive_attributes": [],
          "private": "eyJlMmJmYjczMC1lY2FhLTExZTYtOGY4OC0zNDM2M2JjN2M0YzAiOnsiY3JlYXRlIjoxODAwMDAwMDAwMDAwLCJkZWxldGUiOjE4MDAwMDAwMDAwMDAsInJlYWQiOjMwMDAwMDAwMDAwMCwidXBkYXRlIjoxODAwMDAwMDAwMDAwfX0=",
          "dependencies": [
            "azurerm_resource_group.rg",
            "random_pet.rg_name"
          ]
        }
      ]
    },
    {
      "mode": "managed",
      "type": "azurerm_public_ip",
      "name": "mediawiki_public_ip",
      "provider": "provider[\"registry.terraform.io/hashicorp/azurerm\"]",
      "instances": [
        {
          "schema_version": 0,
          "attributes": {
            "allocation_method": "Dynamic",
            "availability_zone": "No-Zone",
            "domain_name_label": "mediawikibackend2023",
            "fqdn": "mediawikibackend2023.eastus.cloudapp.azure.com",
            "id": "/subscriptions/5e9bbbd4-9116-4cff-b4e0-3ea563490470/resourceGroups/rg-definite-tetra/providers/Microsoft.Network/publicIPAddresses/mediawikiPublicIP",
            "idle_timeout_in_minutes": 4,
            "ip_address": "23.100.30.105",
            "ip_tags": {},
            "ip_version": "IPv4",
            "location": "eastus",
            "name": "mediawikiPublicIP",
            "public_ip_prefix_id": null,
            "resource_group_name": "rg-definite-tetra",
            "reverse_fqdn": "",
            "sku": "Basic",
            "sku_tier": "Regional",
            "tags": {},
            "timeouts": null,
            "zones": []
          },
          "sensitive_attributes": [],
          "private": "eyJlMmJmYjczMC1lY2FhLTExZTYtOGY4OC0zNDM2M2JjN2M0YzAiOnsiY3JlYXRlIjoxODAwMDAwMDAwMDAwLCJkZWxldGUiOjE4MDAwMDAwMDAwMDAsInJlYWQiOjMwMDAwMDAwMDAwMCwidXBkYXRlIjoxODAwMDAwMDAwMDAwfX0=",
          "dependencies": [
            "azurerm_resource_group.rg",
            "random_pet.rg_name"
          ]
        }
      ]
    },
    {
      "mode": "managed",
      "type": "azurerm_resource_group",
      "name": "rg",
      "provider": "provider[\"registry.terraform.io/hashicorp/azurerm\"]",
      "instances": [
        {
          "schema_version": 0,
          "attributes": {
            "id": "/subscriptions/5e9bbbd4-9116-4cff-b4e0-3ea563490470/resourceGroups/rg-definite-tetra",
            "location": "eastus",
            "name": "rg-definite-tetra",
            "tags": {},
            "timeouts": null
          },
          "sensitive_attributes": [],
          "private": "eyJlMmJmYjczMC1lY2FhLTExZTYtOGY4OC0zNDM2M2JjN2M0YzAiOnsiY3JlYXRlIjo1NDAwMDAwMDAwMDAwLCJkZWxldGUiOjU0MDAwMDAwMDAwMDAsInJlYWQiOjMwMDAwMDAwMDAwMCwidXBkYXRlIjo1NDAwMDAwMDAwMDAwfX0=",
          "dependencies": [
            "random_pet.rg_name"
          ]
        }
      ]
    },
    {
      "mode": "managed",
      "type": "azurerm_storage_account",
      "name": "mediawiki_storage_account",
      "provider": "provider[\"registry.terraform.io/hashicorp/azurerm\"]",
      "instances": [
        {
          "schema_version": 2,
          "attributes": {
            "access_tier": "Hot",
            "account_kind": "StorageV2",
            "account_replication_type": "LRS",
            "account_tier": "Standard",
            "allow_blob_public_access": false,
            "azure_files_authentication": [],
            "blob_properties": [
              {
                "change_feed_enabled": false,
                "container_delete_retention_policy": [],
                "cors_rule": [],
                "default_service_version": "",
                "delete_retention_policy": [],
                "last_access_time_enabled": false,
                "versioning_enabled": false
              }
            ],
            "custom_domain": [],
            "customer_managed_key": [],
            "enable_https_traffic_only": true,
            "id": "/subscriptions/5e9bbbd4-9116-4cff-b4e0-3ea563490470/resourceGroups/rg-definite-tetra/providers/Microsoft.Storage/storageAccounts/diag81b180fcf1376e3e",
            "identity": [],
            "infrastructure_encryption_enabled": false,
            "is_hns_enabled": false,
            "large_file_share_enabled": null,
            "location": "eastus",
            "min_tls_version": "TLS1_0",
            "name": "diag81b180fcf1376e3e",
            "network_rules": [
              {
                "bypass": [
                  "AzureServices"
                ],
                "default_action": "Allow",
                "ip_rules": [],
                "private_link_access": [],
                "virtual_network_subnet_ids": []
              }
            ],
            "nfsv3_enabled": false,
            "primary_access_key": "iAIFctk908z/elV8Gwc4E7OL/lEPih1fEWRrcmNGgH6gdUtUek9ZpSUTPnfBm9GEUPCkWx532589+ASteqNN0Q==",
            "primary_blob_connection_string": "DefaultEndpointsProtocol=https;BlobEndpoint=https://diag81b180fcf1376e3e.blob.core.windows.net/;AccountName=diag81b180fcf1376e3e;AccountKey=iAIFctk908z/elV8Gwc4E7OL/lEPih1fEWRrcmNGgH6gdUtUek9ZpSUTPnfBm9GEUPCkWx532589+ASteqNN0Q==",
            "primary_blob_endpoint": "https://diag81b180fcf1376e3e.blob.core.windows.net/",
            "primary_blob_host": "diag81b180fcf1376e3e.blob.core.windows.net",
            "primary_connection_string": "DefaultEndpointsProtocol=https;AccountName=diag81b180fcf1376e3e;AccountKey=iAIFctk908z/elV8Gwc4E7OL/lEPih1fEWRrcmNGgH6gdUtUek9ZpSUTPnfBm9GEUPCkWx532589+ASteqNN0Q==;EndpointSuffix=core.windows.net",
            "primary_dfs_endpoint": "https://diag81b180fcf1376e3e.dfs.core.windows.net/",
            "primary_dfs_host": "diag81b180fcf1376e3e.dfs.core.windows.net",
            "primary_file_endpoint": "https://diag81b180fcf1376e3e.file.core.windows.net/",
            "primary_file_host": "diag81b180fcf1376e3e.file.core.windows.net",
            "primary_location": "eastus",
            "primary_queue_endpoint": "https://diag81b180fcf1376e3e.queue.core.windows.net/",
            "primary_queue_host": "diag81b180fcf1376e3e.queue.core.windows.net",
            "primary_table_endpoint": "https://diag81b180fcf1376e3e.table.core.windows.net/",
            "primary_table_host": "diag81b180fcf1376e3e.table.core.windows.net",
            "primary_web_endpoint": "https://diag81b180fcf1376e3e.z13.web.core.windows.net/",
            "primary_web_host": "diag81b180fcf1376e3e.z13.web.core.windows.net",
            "queue_encryption_key_type": "Service",
            "queue_properties": [
              {
                "cors_rule": [],
                "hour_metrics": [
                  {
                    "enabled": true,
                    "include_apis": true,
                    "retention_policy_days": 7,
                    "version": "1.0"
                  }
                ],
                "logging": [
                  {
                    "delete": false,
                    "read": false,
                    "retention_policy_days": 0,
                    "version": "1.0",
                    "write": false
                  }
                ],
                "minute_metrics": [
                  {
                    "enabled": false,
                    "include_apis": false,
                    "retention_policy_days": 0,
                    "version": "1.0"
                  }
                ]
              }
            ],
            "resource_group_name": "rg-definite-tetra",
            "routing": [],
            "secondary_access_key": "Jxh/y9rxZY39erKazukZSz6fCj9GlMjScdpyUOZYtkj8m066YVdVmMBCISptqnS5opVFCNUP52z6+ASt2f/T/g==",
            "secondary_blob_connection_string": "",
            "secondary_blob_endpoint": null,
            "secondary_blob_host": null,
            "secondary_connection_string": "DefaultEndpointsProtocol=https;AccountName=diag81b180fcf1376e3e;AccountKey=Jxh/y9rxZY39erKazukZSz6fCj9GlMjScdpyUOZYtkj8m066YVdVmMBCISptqnS5opVFCNUP52z6+ASt2f/T/g==;EndpointSuffix=core.windows.net",
            "secondary_dfs_endpoint": null,
            "secondary_dfs_host": null,
            "secondary_file_endpoint": null,
            "secondary_file_host": null,
            "secondary_location": "",
            "secondary_queue_endpoint": null,
            "secondary_queue_host": null,
            "secondary_table_endpoint": null,
            "secondary_table_host": null,
            "secondary_web_endpoint": null,
            "secondary_web_host": null,
            "share_properties": [
              {
                "cors_rule": [],
                "retention_policy": [
                  {
                    "days": 7
                  }
                ],
                "smb": []
              }
            ],
            "shared_access_key_enabled": true,
            "static_website": [],
            "table_encryption_key_type": "Service",
            "tags": {},
            "timeouts": null
          },
          "sensitive_attributes": [],
          "private": "eyJlMmJmYjczMC1lY2FhLTExZTYtOGY4OC0zNDM2M2JjN2M0YzAiOnsiY3JlYXRlIjozNjAwMDAwMDAwMDAwLCJkZWxldGUiOjM2MDAwMDAwMDAwMDAsInJlYWQiOjMwMDAwMDAwMDAwMCwidXBkYXRlIjozNjAwMDAwMDAwMDAwfSwic2NoZW1hX3ZlcnNpb24iOiIyIn0=",
          "dependencies": [
            "azurerm_resource_group.rg",
            "random_id.random_id",
            "random_pet.rg_name"
          ]
        }
      ]
    },
    {
      "mode": "managed",
      "type": "azurerm_subnet",
      "name": "default",
      "provider": "provider[\"registry.terraform.io/hashicorp/azurerm\"]",
      "instances": [
        {
          "schema_version": 0,
          "attributes": {
            "address_prefix": "10.1.0.0/24",
            "address_prefixes": [
              "10.1.0.0/24"
            ],
            "delegation": [
              {
                "name": "dlg-Microsoft.DBforMySQL-flexibleServers",
                "service_delegation": [
                  {
                    "actions": [
                      "Microsoft.Network/virtualNetworks/subnets/join/action"
                    ],
                    "name": "Microsoft.DBforMySQL/flexibleServers"
                  }
                ]
              }
            ],
            "enforce_private_link_endpoint_network_policies": true,
            "enforce_private_link_service_network_policies": false,
            "id": "/subscriptions/5e9bbbd4-9116-4cff-b4e0-3ea563490470/resourceGroups/rg-definite-tetra/providers/Microsoft.Network/virtualNetworks/rg-definite-tetra-vnet/subnets/default",
            "name": "default",
            "resource_group_name": "rg-definite-tetra",
            "service_endpoint_policy_ids": [],
            "service_endpoints": [],
            "timeouts": {
              "create": null,
              "delete": null,
              "read": null,
              "update": null
            },
            "virtual_network_name": "rg-definite-tetra-vnet"
          },
          "sensitive_attributes": [],
          "private": "eyJlMmJmYjczMC1lY2FhLTExZTYtOGY4OC0zNDM2M2JjN2M0YzAiOnsiY3JlYXRlIjoxODAwMDAwMDAwMDAwLCJkZWxldGUiOjE4MDAwMDAwMDAwMDAsInJlYWQiOjMwMDAwMDAwMDAwMCwidXBkYXRlIjoxODAwMDAwMDAwMDAwfSwic2NoZW1hX3ZlcnNpb24iOiIwIn0="
        }
      ]
    },
    {
      "mode": "managed",
      "type": "azurerm_subnet",
      "name": "mediawikiAGSubnet",
      "provider": "provider[\"registry.terraform.io/hashicorp/azurerm\"]",
      "instances": [
        {
          "schema_version": 0,
          "attributes": {
            "address_prefix": "10.0.2.0/24",
            "address_prefixes": [
              "10.0.2.0/24"
            ],
            "delegation": [],
            "enforce_private_link_endpoint_network_policies": false,
            "enforce_private_link_service_network_policies": false,
            "id": "/subscriptions/5e9bbbd4-9116-4cff-b4e0-3ea563490470/resourceGroups/rg-definite-tetra/providers/Microsoft.Network/virtualNetworks/mediawikiVnet/subnets/mediawikiAGSubnet",
            "name": "mediawikiAGSubnet",
            "resource_group_name": "rg-definite-tetra",
            "service_endpoint_policy_ids": [],
            "service_endpoints": [],
            "timeouts": null,
            "virtual_network_name": "mediawikiVnet"
          },
          "sensitive_attributes": [],
          "private": "eyJlMmJmYjczMC1lY2FhLTExZTYtOGY4OC0zNDM2M2JjN2M0YzAiOnsiY3JlYXRlIjoxODAwMDAwMDAwMDAwLCJkZWxldGUiOjE4MDAwMDAwMDAwMDAsInJlYWQiOjMwMDAwMDAwMDAwMCwidXBkYXRlIjoxODAwMDAwMDAwMDAwfX0=",
          "dependencies": [
            "azurerm_resource_group.rg",
            "azurerm_virtual_network.mediawiki_network",
            "random_pet.rg_name"
          ]
        }
      ]
    },
    {
      "mode": "managed",
      "type": "azurerm_subnet",
      "name": "mediawiki_subnet",
      "provider": "provider[\"registry.terraform.io/hashicorp/azurerm\"]",
      "instances": [
        {
          "schema_version": 0,
          "attributes": {
            "address_prefix": "10.0.1.0/24",
            "address_prefixes": [
              "10.0.1.0/24"
            ],
            "delegation": [],
            "enforce_private_link_endpoint_network_policies": false,
            "enforce_private_link_service_network_policies": false,
            "id": "/subscriptions/5e9bbbd4-9116-4cff-b4e0-3ea563490470/resourceGroups/rg-definite-tetra/providers/Microsoft.Network/virtualNetworks/mediawikiVnet/subnets/mediawikiSubnet",
            "name": "mediawikiSubnet",
            "resource_group_name": "rg-definite-tetra",
            "service_endpoint_policy_ids": [],
            "service_endpoints": [],
            "timeouts": null,
            "virtual_network_name": "mediawikiVnet"
          },
          "sensitive_attributes": [],
          "private": "eyJlMmJmYjczMC1lY2FhLTExZTYtOGY4OC0zNDM2M2JjN2M0YzAiOnsiY3JlYXRlIjoxODAwMDAwMDAwMDAwLCJkZWxldGUiOjE4MDAwMDAwMDAwMDAsInJlYWQiOjMwMDAwMDAwMDAwMCwidXBkYXRlIjoxODAwMDAwMDAwMDAwfX0=",
          "dependencies": [
            "azurerm_resource_group.rg",
            "azurerm_virtual_network.mediawiki_network",
            "random_pet.rg_name"
          ]
        }
      ]
    },
    {
      "mode": "managed",
      "type": "azurerm_virtual_network",
      "name": "mediawiki_network",
      "provider": "provider[\"registry.terraform.io/hashicorp/azurerm\"]",
      "instances": [
        {
          "schema_version": 0,
          "attributes": {
            "address_space": [
              "10.0.0.0/16"
            ],
            "bgp_community": "",
            "ddos_protection_plan": [],
            "dns_servers": [],
            "flow_timeout_in_minutes": 0,
            "guid": "89e68ba9-737f-42e8-a27b-fdc31a475c58",
            "id": "/subscriptions/5e9bbbd4-9116-4cff-b4e0-3ea563490470/resourceGroups/rg-definite-tetra/providers/Microsoft.Network/virtualNetworks/mediawikiVnet",
            "location": "eastus",
            "name": "mediawikiVnet",
            "resource_group_name": "rg-definite-tetra",
            "subnet": [
              {
                "address_prefix": "10.0.1.0/24",
                "id": "/subscriptions/5e9bbbd4-9116-4cff-b4e0-3ea563490470/resourceGroups/rg-definite-tetra/providers/Microsoft.Network/virtualNetworks/mediawikiVnet/subnets/mediawikiSubnet",
                "name": "mediawikiSubnet",
                "security_group": ""
              },
              {
                "address_prefix": "10.0.2.0/24",
                "id": "/subscriptions/5e9bbbd4-9116-4cff-b4e0-3ea563490470/resourceGroups/rg-definite-tetra/providers/Microsoft.Network/virtualNetworks/mediawikiVnet/subnets/mediawikiAGSubnet",
                "name": "mediawikiAGSubnet",
                "security_group": ""
              }
            ],
            "tags": {},
            "timeouts": null,
            "vm_protection_enabled": false
          },
          "sensitive_attributes": [],
          "private": "eyJlMmJmYjczMC1lY2FhLTExZTYtOGY4OC0zNDM2M2JjN2M0YzAiOnsiY3JlYXRlIjoxODAwMDAwMDAwMDAwLCJkZWxldGUiOjE4MDAwMDAwMDAwMDAsInJlYWQiOjMwMDAwMDAwMDAwMCwidXBkYXRlIjoxODAwMDAwMDAwMDAwfX0=",
          "dependencies": [
            "azurerm_resource_group.rg",
            "random_pet.rg_name"
          ]
        }
      ]
    },
    {
      "mode": "managed",
      "type": "azurerm_virtual_network",
      "name": "mediawikidb",
      "provider": "provider[\"registry.terraform.io/hashicorp/azurerm\"]",
      "instances": [
        {
          "schema_version": 0,
          "attributes": {
            "address_space": [
              "10.1.0.0/24"
            ],
            "bgp_community": "",
            "ddos_protection_plan": [],
            "dns_servers": [],
            "flow_timeout_in_minutes": 0,
            "guid": "14212e57-ac1b-40c7-8d91-afc3b8d00ffe",
            "id": "/subscriptions/5e9bbbd4-9116-4cff-b4e0-3ea563490470/resourceGroups/rg-definite-tetra/providers/Microsoft.Network/virtualNetworks/rg-definite-tetra-vnet",
            "location": "eastus",
            "name": "rg-definite-tetra-vnet",
            "resource_group_name": "rg-definite-tetra",
            "subnet": [
              {
                "address_prefix": "10.1.0.0/24",
                "id": "/subscriptions/5e9bbbd4-9116-4cff-b4e0-3ea563490470/resourceGroups/rg-definite-tetra/providers/Microsoft.Network/virtualNetworks/rg-definite-tetra-vnet/subnets/default",
                "name": "default",
                "security_group": ""
              }
            ],
            "tags": {},
            "timeouts": {
              "create": null,
              "delete": null,
              "read": null,
              "update": null
            },
            "vm_protection_enabled": false
          },
          "sensitive_attributes": [],
          "private": "eyJlMmJmYjczMC1lY2FhLTExZTYtOGY4OC0zNDM2M2JjN2M0YzAiOnsiY3JlYXRlIjoxODAwMDAwMDAwMDAwLCJkZWxldGUiOjE4MDAwMDAwMDAwMDAsInJlYWQiOjMwMDAwMDAwMDAwMCwidXBkYXRlIjoxODAwMDAwMDAwMDAwfSwic2NoZW1hX3ZlcnNpb24iOiIwIn0="
        }
      ]
    },
    {
      "mode": "managed",
      "type": "azurerm_virtual_network_peering",
      "name": "peerDB2Wiki",
      "provider": "provider[\"registry.terraform.io/hashicorp/azurerm\"]",
      "instances": [
        {
          "schema_version": 0,
          "attributes": {
            "allow_forwarded_traffic": false,
            "allow_gateway_transit": false,
            "allow_virtual_network_access": true,
            "id": "/subscriptions/5e9bbbd4-9116-4cff-b4e0-3ea563490470/resourceGroups/rg-definite-tetra/providers/Microsoft.Network/virtualNetworks/rg-definite-tetra-vnet/virtualNetworkPeerings/peerDB2Wiki",
            "name": "peerDB2Wiki",
            "remote_virtual_network_id": "/subscriptions/5e9bbbd4-9116-4cff-b4e0-3ea563490470/resourceGroups/rg-definite-tetra/providers/Microsoft.Network/virtualNetworks/mediawikiVnet",
            "resource_group_name": "rg-definite-tetra",
            "timeouts": null,
            "use_remote_gateways": false,
            "virtual_network_name": "rg-definite-tetra-vnet"
          },
          "sensitive_attributes": [],
          "private": "eyJlMmJmYjczMC1lY2FhLTExZTYtOGY4OC0zNDM2M2JjN2M0YzAiOnsiY3JlYXRlIjoxODAwMDAwMDAwMDAwLCJkZWxldGUiOjE4MDAwMDAwMDAwMDAsInJlYWQiOjMwMDAwMDAwMDAwMCwidXBkYXRlIjoxODAwMDAwMDAwMDAwfX0=",
          "dependencies": [
            "azurerm_resource_group.rg",
            "azurerm_virtual_network.mediawiki_network",
            "azurerm_virtual_network.mediawikidb",
            "random_pet.rg_name"
          ]
        }
      ]
    },
    {
      "mode": "managed",
      "type": "azurerm_virtual_network_peering",
      "name": "peerWiki2DB",
      "provider": "provider[\"registry.terraform.io/hashicorp/azurerm\"]",
      "instances": [
        {
          "schema_version": 0,
          "attributes": {
            "allow_forwarded_traffic": false,
            "allow_gateway_transit": false,
            "allow_virtual_network_access": true,
            "id": "/subscriptions/5e9bbbd4-9116-4cff-b4e0-3ea563490470/resourceGroups/rg-definite-tetra/providers/Microsoft.Network/virtualNetworks/mediawikiVnet/virtualNetworkPeerings/peerWiki2DB",
            "name": "peerWiki2DB",
            "remote_virtual_network_id": "/subscriptions/5e9bbbd4-9116-4cff-b4e0-3ea563490470/resourceGroups/rg-definite-tetra/providers/Microsoft.Network/virtualNetworks/rg-definite-tetra-vnet",
            "resource_group_name": "rg-definite-tetra",
            "timeouts": null,
            "use_remote_gateways": false,
            "virtual_network_name": "mediawikiVnet"
          },
          "sensitive_attributes": [],
          "private": "eyJlMmJmYjczMC1lY2FhLTExZTYtOGY4OC0zNDM2M2JjN2M0YzAiOnsiY3JlYXRlIjoxODAwMDAwMDAwMDAwLCJkZWxldGUiOjE4MDAwMDAwMDAwMDAsInJlYWQiOjMwMDAwMDAwMDAwMCwidXBkYXRlIjoxODAwMDAwMDAwMDAwfX0=",
          "dependencies": [
            "azurerm_resource_group.rg",
            "azurerm_virtual_network.mediawiki_network",
            "azurerm_virtual_network.mediawikidb",
            "random_pet.rg_name"
          ]
        }
      ]
    },
    {
      "mode": "managed",
      "type": "random_id",
      "name": "random_id",
      "provider": "provider[\"registry.terraform.io/hashicorp/random\"]",
      "instances": [
        {
          "schema_version": 0,
          "attributes": {
            "b64_std": "gbGA/PE3bj4=",
            "b64_url": "gbGA_PE3bj4",
            "byte_length": 8,
            "dec": "9345392525637545534",
            "hex": "81b180fcf1376e3e",
            "id": "gbGA_PE3bj4",
            "keepers": {
              "resource_group": "rg-definite-tetra"
            },
            "prefix": null
          },
          "sensitive_attributes": [],
          "dependencies": [
            "azurerm_resource_group.rg",
            "random_pet.rg_name"
          ]
        }
      ]
    },
    {
      "mode": "managed",
      "type": "random_pet",
      "name": "rg_name",
      "provider": "provider[\"registry.terraform.io/hashicorp/random\"]",
      "instances": [
        {
          "schema_version": 0,
          "attributes": {
            "id": "rg-definite-tetra",
            "keepers": null,
            "length": 2,
            "prefix": "rg",
            "separator": "-"
          },
          "sensitive_attributes": []
        }
      ]
    },
    {
      "mode": "managed",
      "type": "tls_private_key",
      "name": "example_ssh",
      "provider": "provider[\"registry.terraform.io/hashicorp/tls\"]",
      "instances": [
        {
          "schema_version": 1,
          "attributes": {
            "algorithm": "RSA",
            "ecdsa_curve": "P224",
            "id": "cf00bcd0f5cc78651b1482e3cfe4271d250ab27e",
            "private_key_openssh": "-----BEGIN OPENSSH PRIVATE KEY-----\nb3BlbnNzaC1rZXktdjEAAAAABG5vbmUAAAAEbm9uZQAAAAAAAAABAAACFwAAAAdz\nc2gtcnNhAAAAAwEAAQAAAgEAxmGCI98CvAyVpvS7Ior8Gu00cVCUM3CU3HpxRWxK\n/i/XmA2C6UISRgEH1gNlIRlffZVou5WBqRh2Ugv/6gPabmY0p1pIMv1Rd/XRMEXH\nSFUgldDxpIKxf6C3PAtjz2S+O0Cs/ML1ZbUrl4apDM1erceOo62om6AZGuSLrjnK\nXGEwAtxoShlISxND79bXsQ7ZjSs/j+4gyItH54YZP3MyvG/2NT++cInRziCS1lyv\nBtYvItdNNVGE/pzarE1d+A6YVmIZieQ7T0PtfCiz/0Tud6++rw65f/IOvpgIQQdF\njAcWeamRIk/PRWw3D/25iqGJZQMDLu5evT+pl+XRTmQl1DA7r9s/PXhQ5unQR54h\nqEwqU0nmuIUOFfWe+QAnLcsEM1T8Rw5+ijvz827z6VQytvoDlEUrn1lmWnotY0SV\n5lFIb00xu4pdIDze8/yTOErFZCCUls5iNm0FaFhAx0UP2rkePBbSKVwr1EYv9ByG\nfDtBlGAACD9VGqjDSnTT9W/SSdGGu5b0CpOezTK8Oam0k1dml2yWUN3mfGTNziVt\nUZ1lmq/o0Jp2EhK9VSzvqQhxV/PW0sd/PqLrAu1mikt/Wb61nA8cAXBZe5FslSsm\n4Pp0iru9R3ejG8ZHnVJx9sPG7Fa24HcwifaFXUG4NHbQpQgZ51vd1RshxMX6JfLm\nBd8AAAc4E/cN6RP3DekAAAAHc3NoLXJzYQAAAgEAxmGCI98CvAyVpvS7Ior8Gu00\ncVCUM3CU3HpxRWxK/i/XmA2C6UISRgEH1gNlIRlffZVou5WBqRh2Ugv/6gPabmY0\np1pIMv1Rd/XRMEXHSFUgldDxpIKxf6C3PAtjz2S+O0Cs/ML1ZbUrl4apDM1erceO\no62om6AZGuSLrjnKXGEwAtxoShlISxND79bXsQ7ZjSs/j+4gyItH54YZP3MyvG/2\nNT++cInRziCS1lyvBtYvItdNNVGE/pzarE1d+A6YVmIZieQ7T0PtfCiz/0Tud6++\nrw65f/IOvpgIQQdFjAcWeamRIk/PRWw3D/25iqGJZQMDLu5evT+pl+XRTmQl1DA7\nr9s/PXhQ5unQR54hqEwqU0nmuIUOFfWe+QAnLcsEM1T8Rw5+ijvz827z6VQytvoD\nlEUrn1lmWnotY0SV5lFIb00xu4pdIDze8/yTOErFZCCUls5iNm0FaFhAx0UP2rke\nPBbSKVwr1EYv9ByGfDtBlGAACD9VGqjDSnTT9W/SSdGGu5b0CpOezTK8Oam0k1dm\nl2yWUN3mfGTNziVtUZ1lmq/o0Jp2EhK9VSzvqQhxV/PW0sd/PqLrAu1mikt/Wb61\nnA8cAXBZe5FslSsm4Pp0iru9R3ejG8ZHnVJx9sPG7Fa24HcwifaFXUG4NHbQpQgZ\n51vd1RshxMX6JfLmBd8AAAADAQABAAACAQCGMXeDJFwJMMoawfnEiBe5bzPGYyed\nFE7eRcVRnMut3lcMeDdR6mvKBvByCKHkHfHGVcce/SdUZ0PChHN8rVaYz3JWsm+c\nblcpupLjAJCpkUwVi92p1u6S0vigGWRO6mr0Ue+ym368ai0uttyr2FBvZUpL1jDz\n9PyGgIssM9N7YhLEHKw/U5LflgyitMX683yeTd8VUZPDlNPy/XcewKJVbbcylggQ\nwGm38bjiYJfVHBWOj+2eX6KDST9yxnMGVXkfFgUIjebA28ZN8oqv5sUZGTz31hIN\nRoRK0TTkKDMXYcQGUHnop+whne4xVwSnjlYOilcg7AYSJnpmUgOf74bWLC1BUAiu\n4zbJYrt5pm33KtM4KSX90Vs/gNOJ/vInpBlcQJDcb54woKXVMrk1aPv99MppdDOY\n6xaMMWJF/kyzDhoZCwe2W0xU8XOZd8gkQyUDyIApPhb/hFNv0FTB7UPcGShNxqED\nxgCkLY1MC/Q6BKCwkD8uvTTgBb4wRwspGjDza//AnYSBA7IHU1FvpWVmewZ7PuVv\nX6IdH2V6Wh3YH0uYgZAYK4HVXPmhUxaonkSgvnEwlEJa5rVo28xkmHsL4kbVxrGr\nLuow7J76JDiuCpIoB3L6CFweFC23ubnYVGq2idNc3DgT/nJiol5LCm9gIJTKmXHj\nmLDho4sjd9wCIQAAAQAIKyzVgRTjGDl7cHqgTKsg94DwMBNFOR+QGVqqDTeiS3jF\nlAdx2EoFcZ3DEovDUMqR7AUtQx6PUj1F8xGaHsndgxP2HmpJBOiN0Z/5FfTlAREw\nGFbl3lhnr9XFn/5WNaG+E+pTT2c682WdM2gRy6LHCtZkhJYN/xzN+qySIorKFga/\nEmv8DjDEJBAwdDVlEjCjgN+yuzMUBKnGf0AO+nuqi7AHJsBkxJWFs3eU9poNCoZ4\nbOWbyPAXYTALpwo39nQZxRQrL8rI/2NKuEhjCu67jLuj9/ykx31Pb2wS6ISOg+rA\nRDePtawaJGTPkATVPRBOA3RPHZJ82kw4AMidQelGAAABAQD18XjNxBNbCQewLg1E\n6Lonsb67+AzJUuWCa77mx5CxRTnWJcZNQcEzH03kmSzBfZxtOq7du4Zkp92VZgrX\nRiaQQbinbySO6xE9v38C9S5jIDdZiv0H832ccHBjcCIpPkvJXLGgCAhFyT2n7wNv\nY6PxKCXaDg4QCxoBwD9p/ccIeU6G1R65+OgKORdIrk6pjYgy+pAg1Pc4XI65Vm7O\n4opiLzmk9jHmhpZOzfnkiYJpsE7P6e/I/Sp6yaCasGe7BGucEC3ugrIeZTGAxl7k\n1Xxk8y2Y9ITwEUc4WvoMKTTYpZr6ht3eIov9PzyPl4Fl4Erl/u+5GtSyQpX0TQ2j\nTLMrAAABAQDOfiejeImammwd6R1lKp+CxKY4/Ka/caOMkVY3+mGh1hItM5ticwrH\nhGRaewcHn6bAwQ2Cza+Wqs/o7BNWFQB7le3A/SLlKcJSkww6Kw3tmOSKODnzJlJ4\nMLKL/bJsvsV9O0yFKe19v4wGw/3P5c6y27Sw3RQ8zcuOm29aC2BJ3LPjlk6NWq20\nIovGYs+LFWWjtkD2+uX8kKs09M9YQBChrcDBiZTRrLlUYBY23g56FvHLDfI7FBDT\nDpuH7Exv0jGq42FAr5DewSCQYlsfDrHUWuPQSEceUhxXtqhEW6PgoDoHDw5nUXwH\nygN40K2oLGqUXjYsZwprYwPsPCBPDC4dAAAAAAEC\n-----END OPENSSH PRIVATE KEY-----\n",
            "private_key_pem": "-----BEGIN RSA PRIVATE KEY-----\nMIIJKgIBAAKCAgEAxmGCI98CvAyVpvS7Ior8Gu00cVCUM3CU3HpxRWxK/i/XmA2C\n6UISRgEH1gNlIRlffZVou5WBqRh2Ugv/6gPabmY0p1pIMv1Rd/XRMEXHSFUgldDx\npIKxf6C3PAtjz2S+O0Cs/ML1ZbUrl4apDM1erceOo62om6AZGuSLrjnKXGEwAtxo\nShlISxND79bXsQ7ZjSs/j+4gyItH54YZP3MyvG/2NT++cInRziCS1lyvBtYvItdN\nNVGE/pzarE1d+A6YVmIZieQ7T0PtfCiz/0Tud6++rw65f/IOvpgIQQdFjAcWeamR\nIk/PRWw3D/25iqGJZQMDLu5evT+pl+XRTmQl1DA7r9s/PXhQ5unQR54hqEwqU0nm\nuIUOFfWe+QAnLcsEM1T8Rw5+ijvz827z6VQytvoDlEUrn1lmWnotY0SV5lFIb00x\nu4pdIDze8/yTOErFZCCUls5iNm0FaFhAx0UP2rkePBbSKVwr1EYv9ByGfDtBlGAA\nCD9VGqjDSnTT9W/SSdGGu5b0CpOezTK8Oam0k1dml2yWUN3mfGTNziVtUZ1lmq/o\n0Jp2EhK9VSzvqQhxV/PW0sd/PqLrAu1mikt/Wb61nA8cAXBZe5FslSsm4Pp0iru9\nR3ejG8ZHnVJx9sPG7Fa24HcwifaFXUG4NHbQpQgZ51vd1RshxMX6JfLmBd8CAwEA\nAQKCAgEAhjF3gyRcCTDKGsH5xIgXuW8zxmMnnRRO3kXFUZzLrd5XDHg3Ueprygbw\ncgih5B3xxlXHHv0nVGdDwoRzfK1WmM9yVrJvnG5XKbqS4wCQqZFMFYvdqdbuktL4\noBlkTupq9FHvspt+vGotLrbcq9hQb2VKS9Yw8/T8hoCLLDPTe2ISxBysP1OS35YM\norTF+vN8nk3fFVGTw5TT8v13HsCiVW23MpYIEMBpt/G44mCX1RwVjo/tnl+ig0k/\ncsZzBlV5HxYFCI3mwNvGTfKKr+bFGRk899YSDUaEStE05CgzF2HEBlB56KfsIZ3u\nMVcEp45WDopXIOwGEiZ6ZlIDn++G1iwtQVAIruM2yWK7eaZt9yrTOCkl/dFbP4DT\nif7yJ6QZXECQ3G+eMKCl1TK5NWj7/fTKaXQzmOsWjDFiRf5Msw4aGQsHtltMVPFz\nmXfIJEMlA8iAKT4W/4RTb9BUwe1D3BkoTcahA8YApC2NTAv0OgSgsJA/Lr004AW+\nMEcLKRow82v/wJ2EgQOyB1NRb6VlZnsGez7lb1+iHR9lelod2B9LmIGQGCuB1Vz5\noVMWqJ5EoL5xMJRCWua1aNvMZJh7C+JG1caxqy7qMOye+iQ4rgqSKAdy+ghcHhQt\nt7m52FRqtonTXNw4E/5yYqJeSwpvYCCUyplx45iw4aOLI3fcAiECggEBAPXxeM3E\nE1sJB7AuDUTouiexvrv4DMlS5YJrvubHkLFFOdYlxk1BwTMfTeSZLMF9nG06rt27\nhmSn3ZVmCtdGJpBBuKdvJI7rET2/fwL1LmMgN1mK/QfzfZxwcGNwIik+S8lcsaAI\nCEXJPafvA29jo/EoJdoODhALGgHAP2n9xwh5TobVHrn46Ao5F0iuTqmNiDL6kCDU\n9zhcjrlWbs7iimIvOaT2MeaGlk7N+eSJgmmwTs/p78j9KnrJoJqwZ7sEa5wQLe6C\nsh5lMYDGXuTVfGTzLZj0hPARRzha+gwpNNilmvqG3d4ii/0/PI+XgWXgSuX+77ka\n1LJClfRNDaNMsysCggEBAM5+J6N4iZqabB3pHWUqn4LEpjj8pr9xo4yRVjf6YaHW\nEi0zm2JzCseEZFp7BwefpsDBDYLNr5aqz+jsE1YVAHuV7cD9IuUpwlKTDDorDe2Y\n5Io4OfMmUngwsov9smy+xX07TIUp7X2/jAbD/c/lzrLbtLDdFDzNy46bb1oLYEnc\ns+OWTo1arbQii8Ziz4sVZaO2QPb65fyQqzT0z1hAEKGtwMGJlNGsuVRgFjbeDnoW\n8csN8jsUENMOm4fsTG/SMarjYUCvkN7BIJBiWx8OsdRa49BIRx5SHFe2qERbo+Cg\nOgcPDmdRfAfKA3jQragsapReNixnCmtjA+w8IE8MLh0CggEBALhN9JF+VmLqKXDF\nkfwJyzbj5GNIR4y3KnbJ941KEAxILEdml2xd0kJVOzIL95YoY4kXaOORG+1iPpMu\nnQEl+NAx8AbJK0ROs+TqFGxLADAYfGIF3giPV5pcSFy8M11k6bZEWHfsjQZ/AE1Q\nt+pJaRnXVEZMMg2jxCF7yAnNu9GF1msEWrpS5NCEaAZ3WUuGXIKXclqoPXtnIS2S\nsAcpjTp22WPdexed1BXKFXJF+gzpqqX0UVT1I1hQsKI7gACOF3YkScdq+b/9ZVNz\nVLl3onikI49z7gtZZ128D5X9azTPJYyIdMt6aB2nveJ9TuLhaj9hBJRanvnXHDiv\nZYDygXECggEBAJtybPSq8SvpxCpgKzjVdW9ECr4rtHu6WJyhbH6HhqgGN3i/uOHM\nKPk5uTJEG26pySaiLkGiBeUugYWe8o+DD/H5VBpMddB+N0NiX3oKn1mWF7XVzgo1\ndy/zuPWZ7o/erV0xHtHAVoCrigYt1QyEu635p3TdeTas1ehtKs5mcf4on2Nc65WO\nBeXte7vE9uiFGxa7RPyotCoF3lznTo/o6pxL6SfJIrcViA70psR3Nf7C9xMdVJUU\n7fV0sbEJOiGT4r/6nGPNxwlp6dHHuUEQFt797TIGt0MkHSIK53FOa3fWJtjZhMZS\nmURj12lD7vcDONioc6/JghaFW5ajTM81JCECggEACCss1YEU4xg5e3B6oEyrIPeA\n8DATRTkfkBlaqg03okt4xZQHcdhKBXGdwxKLw1DKkewFLUMej1I9RfMRmh7J3YMT\n9h5qSQTojdGf+RX05QERMBhW5d5YZ6/VxZ/+VjWhvhPqU09nOvNlnTNoEcuixwrW\nZISWDf8czfqskiKKyhYGvxJr/A4wxCQQMHQ1ZRIwo4DfsrszFASpxn9ADvp7qouw\nBybAZMSVhbN3lPaaDQqGeGzlm8jwF2EwC6cKN/Z0GcUUKy/KyP9jSrhIYwruu4y7\no/f8pMd9T29sEuiEjoPqwEQ3j7WsGiRkz5AE1T0QTgN0Tx2SfNpMOADInUHpRg==\n-----END RSA PRIVATE KEY-----\n",
            "private_key_pem_pkcs8": "-----BEGIN PRIVATE KEY-----\nMIIJRAIBADANBgkqhkiG9w0BAQEFAASCCS4wggkqAgEAAoICAQDGYYIj3wK8DJWm\n9Lsiivwa7TRxUJQzcJTcenFFbEr+L9eYDYLpQhJGAQfWA2UhGV99lWi7lYGpGHZS\nC//qA9puZjSnWkgy/VF39dEwRcdIVSCV0PGkgrF/oLc8C2PPZL47QKz8wvVltSuX\nhqkMzV6tx46jraiboBka5IuuOcpcYTAC3GhKGUhLE0Pv1texDtmNKz+P7iDIi0fn\nhhk/czK8b/Y1P75widHOIJLWXK8G1i8i1001UYT+nNqsTV34DphWYhmJ5DtPQ+18\nKLP/RO53r76vDrl/8g6+mAhBB0WMBxZ5qZEiT89FbDcP/bmKoYllAwMu7l69P6mX\n5dFOZCXUMDuv2z89eFDm6dBHniGoTCpTSea4hQ4V9Z75ACctywQzVPxHDn6KO/Pz\nbvPpVDK2+gOURSufWWZaei1jRJXmUUhvTTG7il0gPN7z/JM4SsVkIJSWzmI2bQVo\nWEDHRQ/auR48FtIpXCvURi/0HIZ8O0GUYAAIP1UaqMNKdNP1b9JJ0Ya7lvQKk57N\nMrw5qbSTV2aXbJZQ3eZ8ZM3OJW1RnWWar+jQmnYSEr1VLO+pCHFX89bSx38+ousC\n7WaKS39ZvrWcDxwBcFl7kWyVKybg+nSKu71Hd6MbxkedUnH2w8bsVrbgdzCJ9oVd\nQbg0dtClCBnnW93VGyHExfol8uYF3wIDAQABAoICAQCGMXeDJFwJMMoawfnEiBe5\nbzPGYyedFE7eRcVRnMut3lcMeDdR6mvKBvByCKHkHfHGVcce/SdUZ0PChHN8rVaY\nz3JWsm+cblcpupLjAJCpkUwVi92p1u6S0vigGWRO6mr0Ue+ym368ai0uttyr2FBv\nZUpL1jDz9PyGgIssM9N7YhLEHKw/U5LflgyitMX683yeTd8VUZPDlNPy/XcewKJV\nbbcylggQwGm38bjiYJfVHBWOj+2eX6KDST9yxnMGVXkfFgUIjebA28ZN8oqv5sUZ\nGTz31hINRoRK0TTkKDMXYcQGUHnop+whne4xVwSnjlYOilcg7AYSJnpmUgOf74bW\nLC1BUAiu4zbJYrt5pm33KtM4KSX90Vs/gNOJ/vInpBlcQJDcb54woKXVMrk1aPv9\n9MppdDOY6xaMMWJF/kyzDhoZCwe2W0xU8XOZd8gkQyUDyIApPhb/hFNv0FTB7UPc\nGShNxqEDxgCkLY1MC/Q6BKCwkD8uvTTgBb4wRwspGjDza//AnYSBA7IHU1FvpWVm\newZ7PuVvX6IdH2V6Wh3YH0uYgZAYK4HVXPmhUxaonkSgvnEwlEJa5rVo28xkmHsL\n4kbVxrGrLuow7J76JDiuCpIoB3L6CFweFC23ubnYVGq2idNc3DgT/nJiol5LCm9g\nIJTKmXHjmLDho4sjd9wCIQKCAQEA9fF4zcQTWwkHsC4NROi6J7G+u/gMyVLlgmu+\n5seQsUU51iXGTUHBMx9N5JkswX2cbTqu3buGZKfdlWYK10YmkEG4p28kjusRPb9/\nAvUuYyA3WYr9B/N9nHBwY3AiKT5LyVyxoAgIRck9p+8Db2Oj8Sgl2g4OEAsaAcA/\naf3HCHlOhtUeufjoCjkXSK5OqY2IMvqQINT3OFyOuVZuzuKKYi85pPYx5oaWTs35\n5ImCabBOz+nvyP0qesmgmrBnuwRrnBAt7oKyHmUxgMZe5NV8ZPMtmPSE8BFHOFr6\nDCk02KWa+obd3iKL/T88j5eBZeBK5f7vuRrUskKV9E0No0yzKwKCAQEAzn4no3iJ\nmppsHekdZSqfgsSmOPymv3GjjJFWN/phodYSLTObYnMKx4RkWnsHB5+mwMENgs2v\nlqrP6OwTVhUAe5XtwP0i5SnCUpMMOisN7Zjkijg58yZSeDCyi/2ybL7FfTtMhSnt\nfb+MBsP9z+XOstu0sN0UPM3LjptvWgtgSdyz45ZOjVqttCKLxmLPixVlo7ZA9vrl\n/JCrNPTPWEAQoa3AwYmU0ay5VGAWNt4Oehbxyw3yOxQQ0w6bh+xMb9IxquNhQK+Q\n3sEgkGJbHw6x1Frj0EhHHlIcV7aoRFuj4KA6Bw8OZ1F8B8oDeNCtqCxqlF42LGcK\na2MD7DwgTwwuHQKCAQEAuE30kX5WYuopcMWR/AnLNuPkY0hHjLcqdsn3jUoQDEgs\nR2aXbF3SQlU7Mgv3lihjiRdo45Eb7WI+ky6dASX40DHwBskrRE6z5OoUbEsAMBh8\nYgXeCI9XmlxIXLwzXWTptkRYd+yNBn8ATVC36klpGddURkwyDaPEIXvICc270YXW\nawRaulLk0IRoBndZS4ZcgpdyWqg9e2chLZKwBymNOnbZY917F53UFcoVckX6DOmq\npfRRVPUjWFCwojuAAI4XdiRJx2r5v/1lU3NUuXeieKQjj3PuC1lnXbwPlf1rNM8l\njIh0y3poHae94n1O4uFqP2EElFqe+dccOK9lgPKBcQKCAQEAm3Js9KrxK+nEKmAr\nONV1b0QKviu0e7pYnKFsfoeGqAY3eL+44cwo+Tm5MkQbbqnJJqIuQaIF5S6BhZ7y\nj4MP8flUGkx10H43Q2JfegqfWZYXtdXOCjV3L/O49Znuj96tXTEe0cBWgKuKBi3V\nDIS7rfmndN15NqzV6G0qzmZx/iifY1zrlY4F5e17u8T26IUbFrtE/Ki0KgXeXOdO\nj+jqnEvpJ8kitxWIDvSmxHc1/sL3Ex1UlRTt9XSxsQk6IZPiv/qcY83HCWnp0ce5\nQRAW3v3tMga3QyQdIgrncU5rd9Ym2NmExlKZRGPXaUPu9wM42Khzr8mCFoVblqNM\nzzUkIQKCAQAIKyzVgRTjGDl7cHqgTKsg94DwMBNFOR+QGVqqDTeiS3jFlAdx2EoF\ncZ3DEovDUMqR7AUtQx6PUj1F8xGaHsndgxP2HmpJBOiN0Z/5FfTlAREwGFbl3lhn\nr9XFn/5WNaG+E+pTT2c682WdM2gRy6LHCtZkhJYN/xzN+qySIorKFga/Emv8DjDE\nJBAwdDVlEjCjgN+yuzMUBKnGf0AO+nuqi7AHJsBkxJWFs3eU9poNCoZ4bOWbyPAX\nYTALpwo39nQZxRQrL8rI/2NKuEhjCu67jLuj9/ykx31Pb2wS6ISOg+rARDePtawa\nJGTPkATVPRBOA3RPHZJ82kw4AMidQelG\n-----END PRIVATE KEY-----\n",
            "public_key_fingerprint_md5": "4e:6c:85:0f:7d:3d:f8:59:7f:8d:5b:28:51:20:73:7d",
            "public_key_fingerprint_sha256": "SHA256:cunqXLcoUCFq4kDUYwznweg9tvBpCQhaOTTmnnFloFk",
            "public_key_openssh": "ssh-rsa AAAAB3NzaC1yc2EAAAADAQABAAACAQDGYYIj3wK8DJWm9Lsiivwa7TRxUJQzcJTcenFFbEr+L9eYDYLpQhJGAQfWA2UhGV99lWi7lYGpGHZSC//qA9puZjSnWkgy/VF39dEwRcdIVSCV0PGkgrF/oLc8C2PPZL47QKz8wvVltSuXhqkMzV6tx46jraiboBka5IuuOcpcYTAC3GhKGUhLE0Pv1texDtmNKz+P7iDIi0fnhhk/czK8b/Y1P75widHOIJLWXK8G1i8i1001UYT+nNqsTV34DphWYhmJ5DtPQ+18KLP/RO53r76vDrl/8g6+mAhBB0WMBxZ5qZEiT89FbDcP/bmKoYllAwMu7l69P6mX5dFOZCXUMDuv2z89eFDm6dBHniGoTCpTSea4hQ4V9Z75ACctywQzVPxHDn6KO/PzbvPpVDK2+gOURSufWWZaei1jRJXmUUhvTTG7il0gPN7z/JM4SsVkIJSWzmI2bQVoWEDHRQ/auR48FtIpXCvURi/0HIZ8O0GUYAAIP1UaqMNKdNP1b9JJ0Ya7lvQKk57NMrw5qbSTV2aXbJZQ3eZ8ZM3OJW1RnWWar+jQmnYSEr1VLO+pCHFX89bSx38+ousC7WaKS39ZvrWcDxwBcFl7kWyVKybg+nSKu71Hd6MbxkedUnH2w8bsVrbgdzCJ9oVdQbg0dtClCBnnW93VGyHExfol8uYF3w==\n",
            "public_key_pem": "-----BEGIN PUBLIC KEY-----\nMIICIjANBgkqhkiG9w0BAQEFAAOCAg8AMIICCgKCAgEAxmGCI98CvAyVpvS7Ior8\nGu00cVCUM3CU3HpxRWxK/i/XmA2C6UISRgEH1gNlIRlffZVou5WBqRh2Ugv/6gPa\nbmY0p1pIMv1Rd/XRMEXHSFUgldDxpIKxf6C3PAtjz2S+O0Cs/ML1ZbUrl4apDM1e\nrceOo62om6AZGuSLrjnKXGEwAtxoShlISxND79bXsQ7ZjSs/j+4gyItH54YZP3My\nvG/2NT++cInRziCS1lyvBtYvItdNNVGE/pzarE1d+A6YVmIZieQ7T0PtfCiz/0Tu\nd6++rw65f/IOvpgIQQdFjAcWeamRIk/PRWw3D/25iqGJZQMDLu5evT+pl+XRTmQl\n1DA7r9s/PXhQ5unQR54hqEwqU0nmuIUOFfWe+QAnLcsEM1T8Rw5+ijvz827z6VQy\ntvoDlEUrn1lmWnotY0SV5lFIb00xu4pdIDze8/yTOErFZCCUls5iNm0FaFhAx0UP\n2rkePBbSKVwr1EYv9ByGfDtBlGAACD9VGqjDSnTT9W/SSdGGu5b0CpOezTK8Oam0\nk1dml2yWUN3mfGTNziVtUZ1lmq/o0Jp2EhK9VSzvqQhxV/PW0sd/PqLrAu1mikt/\nWb61nA8cAXBZe5FslSsm4Pp0iru9R3ejG8ZHnVJx9sPG7Fa24HcwifaFXUG4NHbQ\npQgZ51vd1RshxMX6JfLmBd8CAwEAAQ==\n-----END PUBLIC KEY-----\n",
            "rsa_bits": 4096
          },
          "sensitive_attributes": []
        }
      ]
    }
  ],
  "check_results": null
}
